
Microsoft Visual Studio Solution File, Format Version 12.00
Project("{FAE04EC0-301F-11D3-BF4B-00C04F79EFBC}") = "CompanyEmployees", "CompanyEmployees\CompanyEmployees.csproj", "{2A3F205C-E2E9-4A18-B016-968DC6322871}"
EndProject
Project("{FAE04EC0-301F-11D3-BF4B-00C04F79EFBC}") = "Contracts", "Contracts\Contracts.csproj", "{61407F09-85E2-43F5-AB8A-8B2EF3225EED}"
EndProject
Project("{FAE04EC0-301F-11D3-BF4B-00C04F79EFBC}") = "LoggerService", "LoggerService\LoggerService.csproj", "{B9EDFDB7-93BA-4C15-B26A-D2E13CF27FB8}"
EndProject
Project("{FAE04EC0-301F-11D3-BF4B-00C04F79EFBC}") = "Entities", "Entities\Entities.csproj", "{43DFE838-0F2A-464B-99E7-534F1294FD4E}"
EndProject
Project("{FAE04EC0-301F-11D3-BF4B-00C04F79EFBC}") = "Repository", "Repository\Repository.csproj", "{83559EA5-B6D6-41C1-8D3F-ED319F225830}"
EndProject
Project("{FAE04EC0-301F-11D3-BF4B-00C04F79EFBC}") = "Service.Contracts", "Service.Contracts\Service.Contracts.csproj", "{0FDFBE0B-A507-4E14-B49F-4C20E5F5385D}"
EndProject
Project("{FAE04EC0-301F-11D3-BF4B-00C04F79EFBC}") = "Services", "Services\Services.csproj", "{B1B257D2-9C30-46E9-A235-D02428B37A6E}"
EndProject
Project("{FAE04EC0-301F-11D3-BF4B-00C04F79EFBC}") = "CompanyEmployees.Presentation", "CompanyEmployees.Presentation\CompanyEmployees.Presentation.csproj", "{40B717B6-47CE-44E9-9496-5C63C1691673}"
EndProject
Project("{FAE04EC0-301F-11D3-BF4B-00C04F79EFBC}") = "Shared", "Shared\Shared.csproj", "{0B1A09A9-453A-45C0-A8F6-90ADB782DD9A}"
EndProject
Global
	GlobalSection(SolutionConfigurationPlatforms) = preSolution
		Debug|Any CPU = Debug|Any CPU
		Release|Any CPU = Release|Any CPU
	EndGlobalSection
	GlobalSection(ProjectConfigurationPlatforms) = postSolution
		{2A3F205C-E2E9-4A18-B016-968DC6322871}.Debug|Any CPU.ActiveCfg = Debug|Any CPU
		{2A3F205C-E2E9-4A18-B016-968DC6322871}.Debug|Any CPU.Build.0 = Debug|Any CPU
		{2A3F205C-E2E9-4A18-B016-968DC6322871}.Release|Any CPU.ActiveCfg = Release|Any CPU
		{2A3F205C-E2E9-4A18-B016-968DC6322871}.Release|Any CPU.Build.0 = Release|Any CPU
		{61407F09-85E2-43F5-AB8A-8B2EF3225EED}.Debug|Any CPU.ActiveCfg = Debug|Any CPU
		{61407F09-85E2-43F5-AB8A-8B2EF3225EED}.Debug|Any CPU.Build.0 = Debug|Any CPU
		{61407F09-85E2-43F5-AB8A-8B2EF3225EED}.Release|Any CPU.ActiveCfg = Release|Any CPU
		{61407F09-85E2-43F5-AB8A-8B2EF3225EED}.Release|Any CPU.Build.0 = Release|Any CPU
		{B9EDFDB7-93BA-4C15-B26A-D2E13CF27FB8}.Debug|Any CPU.ActiveCfg = Debug|Any CPU
		{B9EDFDB7-93BA-4C15-B26A-D2E13CF27FB8}.Debug|Any CPU.Build.0 = Debug|Any CPU
		{B9EDFDB7-93BA-4C15-B26A-D2E13CF27FB8}.Release|Any CPU.ActiveCfg = Release|Any CPU
		{B9EDFDB7-93BA-4C15-B26A-D2E13CF27FB8}.Release|Any CPU.Build.0 = Release|Any CPU
		{43DFE838-0F2A-464B-99E7-534F1294FD4E}.Debug|Any CPU.ActiveCfg = Debug|Any CPU
		{43DFE838-0F2A-464B-99E7-534F1294FD4E}.Debug|Any CPU.Build.0 = Debug|Any CPU
		{43DFE838-0F2A-464B-99E7-534F1294FD4E}.Release|Any CPU.ActiveCfg = Release|Any CPU
		{43DFE838-0F2A-464B-99E7-534F1294FD4E}.Release|Any CPU.Build.0 = Release|Any CPU
		{83559EA5-B6D6-41C1-8D3F-ED319F225830}.Debug|Any CPU.ActiveCfg = Debug|Any CPU
		{83559EA5-B6D6-41C1-8D3F-ED319F225830}.Debug|Any CPU.Build.0 = Debug|Any CPU
		{83559EA5-B6D6-41C1-8D3F-ED319F225830}.Release|Any CPU.ActiveCfg = Release|Any CPU
		{83559EA5-B6D6-41C1-8D3F-ED319F225830}.Release|Any CPU.Build.0 = Release|Any CPU
		{0FDFBE0B-A507-4E14-B49F-4C20E5F5385D}.Debug|Any CPU.ActiveCfg = Debug|Any CPU
		{0FDFBE0B-A507-4E14-B49F-4C20E5F5385D}.Debug|Any CPU.Build.0 = Debug|Any CPU
		{0FDFBE0B-A507-4E14-B49F-4C20E5F5385D}.Release|Any CPU.ActiveCfg = Release|Any CPU
		{0FDFBE0B-A507-4E14-B49F-4C20E5F5385D}.Release|Any CPU.Build.0 = Release|Any CPU
		{B1B257D2-9C30-46E9-A235-D02428B37A6E}.Debug|Any CPU.ActiveCfg = Debug|Any CPU
		{B1B257D2-9C30-46E9-A235-D02428B37A6E}.Debug|Any CPU.Build.0 = Debug|Any CPU
		{B1B257D2-9C30-46E9-A235-D02428B37A6E}.Release|Any CPU.ActiveCfg = Release|Any CPU
		{B1B257D2-9C30-46E9-A235-D02428B37A6E}.Release|Any CPU.Build.0 = Release|Any CPU
		{40B717B6-47CE-44E9-9496-5C63C1691673}.Debug|Any CPU.ActiveCfg = Debug|Any CPU
		{40B717B6-47CE-44E9-9496-5C63C1691673}.Debug|Any CPU.Build.0 = Debug|Any CPU
		{40B717B6-47CE-44E9-9496-5C63C1691673}.Release|Any CPU.ActiveCfg = Release|Any CPU
		{40B717B6-47CE-44E9-9496-5C63C1691673}.Release|Any CPU.Build.0 = Release|Any CPU
		{0B1A09A9-453A-45C0-A8F6-90ADB782DD9A}.Debug|Any CPU.ActiveCfg = Debug|Any CPU
		{0B1A09A9-453A-45C0-A8F6-90ADB782DD9A}.Debug|Any CPU.Build.0 = Debug|Any CPU
		{0B1A09A9-453A-45C0-A8F6-90ADB782DD9A}.Release|Any CPU.ActiveCfg = Release|Any CPU
		{0B1A09A9-453A-45C0-A8F6-90ADB782DD9A}.Release|Any CPU.Build.0 = Release|Any CPU
	EndGlobalSection
EndGlobal
