
Microsoft Visual Studio Solution File, Format Version 12.00
Project("{FAE04EC0-301F-11D3-BF4B-00C04F79EFBC}") = "CompanyEmployees", "CompanyEmployees\CompanyEmployees.csproj", "{2A3F205C-E2E9-4A18-B016-968DC6322871}"
EndProject
Project("{FAE04EC0-301F-11D3-BF4B-00C04F79EFBC}") = "Contracts", "Contracts\Contracts.csproj", "{61407F09-85E2-43F5-AB8A-8B2EF3225EED}"
EndProject
Project("{FAE04EC0-301F-11D3-BF4B-00C04F79EFBC}") = "LoggerService", "LoggerService\LoggerService.csproj", "{B9EDFDB7-93BA-4C15-B26A-D2E13CF27FB8}"
EndProject
Global
	GlobalSection(SolutionConfigurationPlatforms) = preSolution
		Debug|Any CPU = Debug|Any CPU
		Release|Any CPU = Release|Any CPU
	EndGlobalSection
	GlobalSection(ProjectConfigurationPlatforms) = postSolution
		{2A3F205C-E2E9-4A18-B016-968DC6322871}.Debug|Any CPU.ActiveCfg = Debug|Any CPU
		{2A3F205C-E2E9-4A18-B016-968DC6322871}.Debug|Any CPU.Build.0 = Debug|Any CPU
		{2A3F205C-E2E9-4A18-B016-968DC6322871}.Release|Any CPU.ActiveCfg = Release|Any CPU
		{2A3F205C-E2E9-4A18-B016-968DC6322871}.Release|Any CPU.Build.0 = Release|Any CPU
		{61407F09-85E2-43F5-AB8A-8B2EF3225EED}.Debug|Any CPU.ActiveCfg = Debug|Any CPU
		{61407F09-85E2-43F5-AB8A-8B2EF3225EED}.Debug|Any CPU.Build.0 = Debug|Any CPU
		{61407F09-85E2-43F5-AB8A-8B2EF3225EED}.Release|Any CPU.ActiveCfg = Release|Any CPU
		{61407F09-85E2-43F5-AB8A-8B2EF3225EED}.Release|Any CPU.Build.0 = Release|Any CPU
		{B9EDFDB7-93BA-4C15-B26A-D2E13CF27FB8}.Debug|Any CPU.ActiveCfg = Debug|Any CPU
		{B9EDFDB7-93BA-4C15-B26A-D2E13CF27FB8}.Debug|Any CPU.Build.0 = Debug|Any CPU
		{B9EDFDB7-93BA-4C15-B26A-D2E13CF27FB8}.Release|Any CPU.ActiveCfg = Release|Any CPU
		{B9EDFDB7-93BA-4C15-B26A-D2E13CF27FB8}.Release|Any CPU.Build.0 = Release|Any CPU
	EndGlobalSection
EndGlobal
